// !$*UTF8*$!
{
	archiveVersion = 1;
	classes = {
	};
	objectVersion = 77;
	objects = {

/* Begin PBXBuildFile section */
		1B554EC62CB73E91007710F2 /* UserNotifications.framework in Frameworks */ = {isa = PBXBuildFile; fileRef = 1B554EC52CB73E91007710F2 /* UserNotifications.framework */; };
		1B554EC82CB73E91007710F2 /* UserNotificationsUI.framework in Frameworks */ = {isa = PBXBuildFile; fileRef = 1B554EC72CB73E91007710F2 /* UserNotificationsUI.framework */; };
		1B554ED22CB73E91007710F2 /* notification.appex in Embed Foundation Extensions */ = {isa = PBXBuildFile; fileRef = 1B554EC42CB73E91007710F2 /* notification.appex */; settings = {ATTRIBUTES = (RemoveHeadersOnCopy, ); }; };
		1BB172FE2CAB4C3700C0C89D /* Alamofire in Frameworks */ = {isa = PBXBuildFile; productRef = 1BB172FD2CAB4C3700C0C89D /* Alamofire */; };
		8F5480232CB4770600066EF2 /* Lottie in Frameworks */ = {isa = PBXBuildFile; productRef = 8F5480222CB4770600066EF2 /* Lottie */; };
		8F7B7A112CD619E300415BF3 /* WidgetKit.framework in Frameworks */ = {isa = PBXBuildFile; fileRef = 8F7B7A102CD619E300415BF3 /* WidgetKit.framework */; };
		8F7B7A132CD619E300415BF3 /* SwiftUI.framework in Frameworks */ = {isa = PBXBuildFile; fileRef = 8F7B7A122CD619E300415BF3 /* SwiftUI.framework */; };
		8F7B7A242CD619E400415BF3 /* widgetExtension.appex in Embed Foundation Extensions */ = {isa = PBXBuildFile; fileRef = 8F7B7A0F2CD619E300415BF3 /* widgetExtension.appex */; settings = {ATTRIBUTES = (RemoveHeadersOnCopy, ); }; };
/* End PBXBuildFile section */

/* Begin PBXContainerItemProxy section */
		1B554ED02CB73E91007710F2 /* PBXContainerItemProxy */ = {
			isa = PBXContainerItemProxy;
			containerPortal = 1BB172822CAAFA9B00C0C89D /* Project object */;
			proxyType = 1;
			remoteGlobalIDString = 1B554EC32CB73E91007710F2;
			remoteInfo = notification;
		};
		1BB1729C2CAAFA9C00C0C89D /* PBXContainerItemProxy */ = {
			isa = PBXContainerItemProxy;
			containerPortal = 1BB172822CAAFA9B00C0C89D /* Project object */;
			proxyType = 1;
			remoteGlobalIDString = 1BB172892CAAFA9B00C0C89D;
			remoteInfo = "area-development";
		};
		1BB172A62CAAFA9C00C0C89D /* PBXContainerItemProxy */ = {
			isa = PBXContainerItemProxy;
			containerPortal = 1BB172822CAAFA9B00C0C89D /* Project object */;
			proxyType = 1;
			remoteGlobalIDString = 1BB172892CAAFA9B00C0C89D;
			remoteInfo = "area-development";
		};
		8F7B7A222CD619E400415BF3 /* PBXContainerItemProxy */ = {
			isa = PBXContainerItemProxy;
			containerPortal = 1BB172822CAAFA9B00C0C89D /* Project object */;
			proxyType = 1;
			remoteGlobalIDString = 8F7B7A0E2CD619E300415BF3;
			remoteInfo = widgetExtension;
		};
/* End PBXContainerItemProxy section */

/* Begin PBXCopyFilesBuildPhase section */
		1B554ED72CB73E91007710F2 /* Embed Foundation Extensions */ = {
			isa = PBXCopyFilesBuildPhase;
			buildActionMask = 2147483647;
			dstPath = "";
			dstSubfolderSpec = 13;
			files = (
				8F7B7A242CD619E400415BF3 /* widgetExtension.appex in Embed Foundation Extensions */,
				1B554ED22CB73E91007710F2 /* notification.appex in Embed Foundation Extensions */,
			);
			name = "Embed Foundation Extensions";
			runOnlyForDeploymentPostprocessing = 0;
		};
		1BB173022CAB4C3B00C0C89D /* Embed Frameworks */ = {
			isa = PBXCopyFilesBuildPhase;
			buildActionMask = 2147483647;
			dstPath = "";
			dstSubfolderSpec = 10;
			files = (
			);
			name = "Embed Frameworks";
			runOnlyForDeploymentPostprocessing = 0;
		};
/* End PBXCopyFilesBuildPhase section */

/* Begin PBXFileReference section */
		1B554EC42CB73E91007710F2 /* notification.appex */ = {isa = PBXFileReference; explicitFileType = "wrapper.app-extension"; includeInIndex = 0; path = notification.appex; sourceTree = BUILT_PRODUCTS_DIR; };
		1B554EC52CB73E91007710F2 /* UserNotifications.framework */ = {isa = PBXFileReference; lastKnownFileType = wrapper.framework; name = UserNotifications.framework; path = System/Library/Frameworks/UserNotifications.framework; sourceTree = SDKROOT; };
		1B554EC72CB73E91007710F2 /* UserNotificationsUI.framework */ = {isa = PBXFileReference; lastKnownFileType = wrapper.framework; name = UserNotificationsUI.framework; path = System/Library/Frameworks/UserNotificationsUI.framework; sourceTree = SDKROOT; };
		1BB1728A2CAAFA9B00C0C89D /* area-development.app */ = {isa = PBXFileReference; explicitFileType = wrapper.application; includeInIndex = 0; path = "area-development.app"; sourceTree = BUILT_PRODUCTS_DIR; };
		1BB1729B2CAAFA9C00C0C89D /* area-developmentTests.xctest */ = {isa = PBXFileReference; explicitFileType = wrapper.cfbundle; includeInIndex = 0; path = "area-developmentTests.xctest"; sourceTree = BUILT_PRODUCTS_DIR; };
		1BB172A52CAAFA9C00C0C89D /* area-developmentUITests.xctest */ = {isa = PBXFileReference; explicitFileType = wrapper.cfbundle; includeInIndex = 0; path = "area-developmentUITests.xctest"; sourceTree = BUILT_PRODUCTS_DIR; };
		8F7B7A0F2CD619E300415BF3 /* widgetExtension.appex */ = {isa = PBXFileReference; explicitFileType = "wrapper.app-extension"; includeInIndex = 0; path = widgetExtension.appex; sourceTree = BUILT_PRODUCTS_DIR; };
		8F7B7A102CD619E300415BF3 /* WidgetKit.framework */ = {isa = PBXFileReference; lastKnownFileType = wrapper.framework; name = WidgetKit.framework; path = System/Library/Frameworks/WidgetKit.framework; sourceTree = SDKROOT; };
		8F7B7A122CD619E300415BF3 /* SwiftUI.framework */ = {isa = PBXFileReference; lastKnownFileType = wrapper.framework; name = SwiftUI.framework; path = System/Library/Frameworks/SwiftUI.framework; sourceTree = SDKROOT; };
		8F7B7A292CD6201900415BF3 /* widgetExtension.entitlements */ = {isa = PBXFileReference; lastKnownFileType = text.plist.entitlements; path = widgetExtension.entitlements; sourceTree = "<group>"; };
/* End PBXFileReference section */

/* Begin PBXFileSystemSynchronizedBuildFileExceptionSet section */
		1B554ED62CB73E91007710F2 /* Exceptions for "notification" folder in "notification" target */ = {
			isa = PBXFileSystemSynchronizedBuildFileExceptionSet;
			membershipExceptions = (
				Info.plist,
			);
			target = 1B554EC32CB73E91007710F2 /* notification */;
		};
		1BB173082CAC196900C0C89D /* Exceptions for "area-development" folder in "area-development" target */ = {
			isa = PBXFileSystemSynchronizedBuildFileExceptionSet;
			membershipExceptions = (
				Info.plist,
			);
			target = 1BB172892CAAFA9B00C0C89D /* area-development */;
		};
		8F547FE72CB474C200066EF2 /* Exceptions for "area-development" folder in "area-developmentTests" target */ = {
			isa = PBXFileSystemSynchronizedBuildFileExceptionSet;
			membershipExceptions = (
				loading.json,
				LoadingView.swift,
				LottieView.swift,
			);
			target = 1BB1729A2CAAFA9C00C0C89D /* area-developmentTests */;
		};
		8F547FE82CB474C200066EF2 /* Exceptions for "area-development" folder in "area-developmentUITests" target */ = {
			isa = PBXFileSystemSynchronizedBuildFileExceptionSet;
			membershipExceptions = (
				loading.json,
				LoadingView.swift,
				LottieView.swift,
			);
			target = 1BB172A42CAAFA9C00C0C89D /* area-developmentUITests */;
		};
		8F7B7A282CD619E400415BF3 /* Exceptions for "widget" folder in "widgetExtension" target */ = {
			isa = PBXFileSystemSynchronizedBuildFileExceptionSet;
			membershipExceptions = (
				Info.plist,
			);
			target = 8F7B7A0E2CD619E300415BF3 /* widgetExtension */;
		};
/* End PBXFileSystemSynchronizedBuildFileExceptionSet section */

/* Begin PBXFileSystemSynchronizedRootGroup section */
		1B554EC92CB73E91007710F2 /* notification */ = {
			isa = PBXFileSystemSynchronizedRootGroup;
			exceptions = (
				1B554ED62CB73E91007710F2 /* Exceptions for "notification" folder in "notification" target */,
			);
			path = notification;
			sourceTree = "<group>";
		};
		1BB1728C2CAAFA9B00C0C89D /* area-development */ = {
			isa = PBXFileSystemSynchronizedRootGroup;
			exceptions = (
				1BB173082CAC196900C0C89D /* Exceptions for "area-development" folder in "area-development" target */,
				8F547FE72CB474C200066EF2 /* Exceptions for "area-development" folder in "area-developmentTests" target */,
				8F547FE82CB474C200066EF2 /* Exceptions for "area-development" folder in "area-developmentUITests" target */,
			);
			path = "area-development";
			sourceTree = "<group>";
		};
		1BB1729E2CAAFA9C00C0C89D /* area-developmentTests */ = {
			isa = PBXFileSystemSynchronizedRootGroup;
			path = "area-developmentTests";
			sourceTree = "<group>";
		};
		1BB172A82CAAFA9C00C0C89D /* area-developmentUITests */ = {
			isa = PBXFileSystemSynchronizedRootGroup;
			path = "area-developmentUITests";
			sourceTree = "<group>";
		};
		8F7B7A142CD619E300415BF3 /* widget */ = {
			isa = PBXFileSystemSynchronizedRootGroup;
			exceptions = (
				8F7B7A282CD619E400415BF3 /* Exceptions for "widget" folder in "widgetExtension" target */,
			);
			path = widget;
			sourceTree = "<group>";
		};
/* End PBXFileSystemSynchronizedRootGroup section */

/* Begin PBXFrameworksBuildPhase section */
		1B554EC12CB73E91007710F2 /* Frameworks */ = {
			isa = PBXFrameworksBuildPhase;
			buildActionMask = 2147483647;
			files = (
				1B554EC82CB73E91007710F2 /* UserNotificationsUI.framework in Frameworks */,
				1B554EC62CB73E91007710F2 /* UserNotifications.framework in Frameworks */,
			);
			runOnlyForDeploymentPostprocessing = 0;
		};
		1BB172872CAAFA9B00C0C89D /* Frameworks */ = {
			isa = PBXFrameworksBuildPhase;
			buildActionMask = 2147483647;
			files = (
				1BB172FE2CAB4C3700C0C89D /* Alamofire in Frameworks */,
				8F5480232CB4770600066EF2 /* Lottie in Frameworks */,
			);
			runOnlyForDeploymentPostprocessing = 0;
		};
		1BB172982CAAFA9C00C0C89D /* Frameworks */ = {
			isa = PBXFrameworksBuildPhase;
			buildActionMask = 2147483647;
			files = (
			);
			runOnlyForDeploymentPostprocessing = 0;
		};
		1BB172A22CAAFA9C00C0C89D /* Frameworks */ = {
			isa = PBXFrameworksBuildPhase;
			buildActionMask = 2147483647;
			files = (
			);
			runOnlyForDeploymentPostprocessing = 0;
		};
		8F7B7A0C2CD619E300415BF3 /* Frameworks */ = {
			isa = PBXFrameworksBuildPhase;
			buildActionMask = 2147483647;
			files = (
				8F7B7A132CD619E300415BF3 /* SwiftUI.framework in Frameworks */,
				8F7B7A112CD619E300415BF3 /* WidgetKit.framework in Frameworks */,
			);
			runOnlyForDeploymentPostprocessing = 0;
		};
/* End PBXFrameworksBuildPhase section */

/* Begin PBXGroup section */
		1BB172812CAAFA9B00C0C89D = {
			isa = PBXGroup;
			children = (
				8F7B7A292CD6201900415BF3 /* widgetExtension.entitlements */,
				1BB1728C2CAAFA9B00C0C89D /* area-development */,
				1BB1729E2CAAFA9C00C0C89D /* area-developmentTests */,
				1BB172A82CAAFA9C00C0C89D /* area-developmentUITests */,
				1B554EC92CB73E91007710F2 /* notification */,
				8F7B7A142CD619E300415BF3 /* widget */,
				1BB172FC2CAB4C3700C0C89D /* Frameworks */,
				1BB1728B2CAAFA9B00C0C89D /* Products */,
			);
			sourceTree = "<group>";
		};
		1BB1728B2CAAFA9B00C0C89D /* Products */ = {
			isa = PBXGroup;
			children = (
				1BB1728A2CAAFA9B00C0C89D /* area-development.app */,
				1BB1729B2CAAFA9C00C0C89D /* area-developmentTests.xctest */,
				1BB172A52CAAFA9C00C0C89D /* area-developmentUITests.xctest */,
				1B554EC42CB73E91007710F2 /* notification.appex */,
				8F7B7A0F2CD619E300415BF3 /* widgetExtension.appex */,
			);
			name = Products;
			sourceTree = "<group>";
		};
		1BB172FC2CAB4C3700C0C89D /* Frameworks */ = {
			isa = PBXGroup;
			children = (
				1B554EC52CB73E91007710F2 /* UserNotifications.framework */,
				1B554EC72CB73E91007710F2 /* UserNotificationsUI.framework */,
				8F7B7A102CD619E300415BF3 /* WidgetKit.framework */,
				8F7B7A122CD619E300415BF3 /* SwiftUI.framework */,
			);
			name = Frameworks;
			sourceTree = "<group>";
		};
/* End PBXGroup section */

/* Begin PBXNativeTarget section */
		1B554EC32CB73E91007710F2 /* notification */ = {
			isa = PBXNativeTarget;
			buildConfigurationList = 1B554ED32CB73E91007710F2 /* Build configuration list for PBXNativeTarget "notification" */;
			buildPhases = (
				1B554EC02CB73E91007710F2 /* Sources */,
				1B554EC12CB73E91007710F2 /* Frameworks */,
				1B554EC22CB73E91007710F2 /* Resources */,
			);
			buildRules = (
			);
			dependencies = (
			);
			fileSystemSynchronizedGroups = (
				1B554EC92CB73E91007710F2 /* notification */,
			);
			name = notification;
			packageProductDependencies = (
			);
			productName = notification;
			productReference = 1B554EC42CB73E91007710F2 /* notification.appex */;
			productType = "com.apple.product-type.app-extension";
		};
		1BB172892CAAFA9B00C0C89D /* area-development */ = {
			isa = PBXNativeTarget;
			buildConfigurationList = 1BB172AF2CAAFA9C00C0C89D /* Build configuration list for PBXNativeTarget "area-development" */;
			buildPhases = (
				1BB172862CAAFA9B00C0C89D /* Sources */,
				1BB172872CAAFA9B00C0C89D /* Frameworks */,
				1BB172882CAAFA9B00C0C89D /* Resources */,
				1BB173022CAB4C3B00C0C89D /* Embed Frameworks */,
				1B554ED72CB73E91007710F2 /* Embed Foundation Extensions */,
			);
			buildRules = (
			);
			dependencies = (
				1B554ED12CB73E91007710F2 /* PBXTargetDependency */,
				8F7B7A232CD619E400415BF3 /* PBXTargetDependency */,
			);
			fileSystemSynchronizedGroups = (
				1BB1728C2CAAFA9B00C0C89D /* area-development */,
			);
			name = "area-development";
			packageProductDependencies = (
				1BB172FD2CAB4C3700C0C89D /* Alamofire */,
				8F5480222CB4770600066EF2 /* Lottie */,
			);
			productName = "area-development";
			productReference = 1BB1728A2CAAFA9B00C0C89D /* area-development.app */;
			productType = "com.apple.product-type.application";
		};
		1BB1729A2CAAFA9C00C0C89D /* area-developmentTests */ = {
			isa = PBXNativeTarget;
			buildConfigurationList = 1BB172B22CAAFA9C00C0C89D /* Build configuration list for PBXNativeTarget "area-developmentTests" */;
			buildPhases = (
				1BB172972CAAFA9C00C0C89D /* Sources */,
				1BB172982CAAFA9C00C0C89D /* Frameworks */,
				1BB172992CAAFA9C00C0C89D /* Resources */,
			);
			buildRules = (
			);
			dependencies = (
				1BB1729D2CAAFA9C00C0C89D /* PBXTargetDependency */,
			);
			fileSystemSynchronizedGroups = (
				1BB1729E2CAAFA9C00C0C89D /* area-developmentTests */,
			);
			name = "area-developmentTests";
			packageProductDependencies = (
			);
			productName = "area-developmentTests";
			productReference = 1BB1729B2CAAFA9C00C0C89D /* area-developmentTests.xctest */;
			productType = "com.apple.product-type.bundle.unit-test";
		};
		1BB172A42CAAFA9C00C0C89D /* area-developmentUITests */ = {
			isa = PBXNativeTarget;
			buildConfigurationList = 1BB172B52CAAFA9C00C0C89D /* Build configuration list for PBXNativeTarget "area-developmentUITests" */;
			buildPhases = (
				1BB172A12CAAFA9C00C0C89D /* Sources */,
				1BB172A22CAAFA9C00C0C89D /* Frameworks */,
				1BB172A32CAAFA9C00C0C89D /* Resources */,
			);
			buildRules = (
			);
			dependencies = (
				1BB172A72CAAFA9C00C0C89D /* PBXTargetDependency */,
			);
			fileSystemSynchronizedGroups = (
				1BB172A82CAAFA9C00C0C89D /* area-developmentUITests */,
			);
			name = "area-developmentUITests";
			packageProductDependencies = (
			);
			productName = "area-developmentUITests";
			productReference = 1BB172A52CAAFA9C00C0C89D /* area-developmentUITests.xctest */;
			productType = "com.apple.product-type.bundle.ui-testing";
		};
		8F7B7A0E2CD619E300415BF3 /* widgetExtension */ = {
			isa = PBXNativeTarget;
			buildConfigurationList = 8F7B7A272CD619E400415BF3 /* Build configuration list for PBXNativeTarget "widgetExtension" */;
			buildPhases = (
				8F7B7A0B2CD619E300415BF3 /* Sources */,
				8F7B7A0C2CD619E300415BF3 /* Frameworks */,
				8F7B7A0D2CD619E300415BF3 /* Resources */,
			);
			buildRules = (
			);
			dependencies = (
			);
			fileSystemSynchronizedGroups = (
				8F7B7A142CD619E300415BF3 /* widget */,
			);
			name = widgetExtension;
			packageProductDependencies = (
			);
			productName = widgetExtension;
			productReference = 8F7B7A0F2CD619E300415BF3 /* widgetExtension.appex */;
			productType = "com.apple.product-type.app-extension";
		};
/* End PBXNativeTarget section */

/* Begin PBXProject section */
		1BB172822CAAFA9B00C0C89D /* Project object */ = {
			isa = PBXProject;
			attributes = {
				BuildIndependentTargetsInParallel = 1;
				LastSwiftUpdateCheck = 1600;
				LastUpgradeCheck = 1600;
				TargetAttributes = {
					1B554EC32CB73E91007710F2 = {
						CreatedOnToolsVersion = 16.0;
					};
					1BB172892CAAFA9B00C0C89D = {
						CreatedOnToolsVersion = 16.0;
					};
					1BB1729A2CAAFA9C00C0C89D = {
						CreatedOnToolsVersion = 16.0;
						TestTargetID = 1BB172892CAAFA9B00C0C89D;
					};
					1BB172A42CAAFA9C00C0C89D = {
						CreatedOnToolsVersion = 16.0;
						TestTargetID = 1BB172892CAAFA9B00C0C89D;
					};
					8F7B7A0E2CD619E300415BF3 = {
						CreatedOnToolsVersion = 16.0;
					};
				};
			};
			buildConfigurationList = 1BB172852CAAFA9B00C0C89D /* Build configuration list for PBXProject "area-development" */;
			developmentRegion = en;
			hasScannedForEncodings = 0;
			knownRegions = (
				en,
				Base,
			);
			mainGroup = 1BB172812CAAFA9B00C0C89D;
			minimizedProjectReferenceProxies = 1;
			packageReferences = (
				1BB172FB2CAB4A8600C0C89D /* XCRemoteSwiftPackageReference "Alamofire" */,
				8F5480212CB4770600066EF2 /* XCRemoteSwiftPackageReference "lottie-ios" */,
			);
			preferredProjectObjectVersion = 77;
			productRefGroup = 1BB1728B2CAAFA9B00C0C89D /* Products */;
			projectDirPath = "";
			projectRoot = "";
			targets = (
				1BB172892CAAFA9B00C0C89D /* area-development */,
				1BB1729A2CAAFA9C00C0C89D /* area-developmentTests */,
				1BB172A42CAAFA9C00C0C89D /* area-developmentUITests */,
				1B554EC32CB73E91007710F2 /* notification */,
				8F7B7A0E2CD619E300415BF3 /* widgetExtension */,
			);
		};
/* End PBXProject section */

/* Begin PBXResourcesBuildPhase section */
		1B554EC22CB73E91007710F2 /* Resources */ = {
			isa = PBXResourcesBuildPhase;
			buildActionMask = 2147483647;
			files = (
			);
			runOnlyForDeploymentPostprocessing = 0;
		};
		1BB172882CAAFA9B00C0C89D /* Resources */ = {
			isa = PBXResourcesBuildPhase;
			buildActionMask = 2147483647;
			files = (
			);
			runOnlyForDeploymentPostprocessing = 0;
		};
		1BB172992CAAFA9C00C0C89D /* Resources */ = {
			isa = PBXResourcesBuildPhase;
			buildActionMask = 2147483647;
			files = (
			);
			runOnlyForDeploymentPostprocessing = 0;
		};
		1BB172A32CAAFA9C00C0C89D /* Resources */ = {
			isa = PBXResourcesBuildPhase;
			buildActionMask = 2147483647;
			files = (
			);
			runOnlyForDeploymentPostprocessing = 0;
		};
		8F7B7A0D2CD619E300415BF3 /* Resources */ = {
			isa = PBXResourcesBuildPhase;
			buildActionMask = 2147483647;
			files = (
			);
			runOnlyForDeploymentPostprocessing = 0;
		};
/* End PBXResourcesBuildPhase section */

/* Begin PBXSourcesBuildPhase section */
		1B554EC02CB73E91007710F2 /* Sources */ = {
			isa = PBXSourcesBuildPhase;
			buildActionMask = 2147483647;
			files = (
			);
			runOnlyForDeploymentPostprocessing = 0;
		};
		1BB172862CAAFA9B00C0C89D /* Sources */ = {
			isa = PBXSourcesBuildPhase;
			buildActionMask = 2147483647;
			files = (
			);
			runOnlyForDeploymentPostprocessing = 0;
		};
		1BB172972CAAFA9C00C0C89D /* Sources */ = {
			isa = PBXSourcesBuildPhase;
			buildActionMask = 2147483647;
			files = (
			);
			runOnlyForDeploymentPostprocessing = 0;
		};
		1BB172A12CAAFA9C00C0C89D /* Sources */ = {
			isa = PBXSourcesBuildPhase;
			buildActionMask = 2147483647;
			files = (
			);
			runOnlyForDeploymentPostprocessing = 0;
		};
		8F7B7A0B2CD619E300415BF3 /* Sources */ = {
			isa = PBXSourcesBuildPhase;
			buildActionMask = 2147483647;
			files = (
			);
			runOnlyForDeploymentPostprocessing = 0;
		};
/* End PBXSourcesBuildPhase section */

/* Begin PBXTargetDependency section */
		1B554ED12CB73E91007710F2 /* PBXTargetDependency */ = {
			isa = PBXTargetDependency;
			target = 1B554EC32CB73E91007710F2 /* notification */;
			targetProxy = 1B554ED02CB73E91007710F2 /* PBXContainerItemProxy */;
		};
		1BB1729D2CAAFA9C00C0C89D /* PBXTargetDependency */ = {
			isa = PBXTargetDependency;
			target = 1BB172892CAAFA9B00C0C89D /* area-development */;
			targetProxy = 1BB1729C2CAAFA9C00C0C89D /* PBXContainerItemProxy */;
		};
		1BB172A72CAAFA9C00C0C89D /* PBXTargetDependency */ = {
			isa = PBXTargetDependency;
			target = 1BB172892CAAFA9B00C0C89D /* area-development */;
			targetProxy = 1BB172A62CAAFA9C00C0C89D /* PBXContainerItemProxy */;
		};
		8F7B7A232CD619E400415BF3 /* PBXTargetDependency */ = {
			isa = PBXTargetDependency;
			target = 8F7B7A0E2CD619E300415BF3 /* widgetExtension */;
			targetProxy = 8F7B7A222CD619E400415BF3 /* PBXContainerItemProxy */;
		};
/* End PBXTargetDependency section */

/* Begin XCBuildConfiguration section */
		1B554ED42CB73E91007710F2 /* Debug */ = {
			isa = XCBuildConfiguration;
			buildSettings = {
				CODE_SIGN_ENTITLEMENTS = notification/notification.entitlements;
				CODE_SIGN_STYLE = Automatic;
				CURRENT_PROJECT_VERSION = 1;
				DEVELOPMENT_TEAM = Q4HH2BYVAV;
				GENERATE_INFOPLIST_FILE = YES;
				INFOPLIST_FILE = notification/Info.plist;
				INFOPLIST_KEY_CFBundleDisplayName = notification;
				INFOPLIST_KEY_NSHumanReadableCopyright = "";
				IPHONEOS_DEPLOYMENT_TARGET = 18.0;
				LD_RUNPATH_SEARCH_PATHS = (
					"$(inherited)",
					"@executable_path/Frameworks",
					"@executable_path/../../Frameworks",
				);
				MARKETING_VERSION = 1.0;
				PRODUCT_BUNDLE_IDENTIFIER = "prod.flowz-development.notification";
				PRODUCT_NAME = "$(TARGET_NAME)";
				SDKROOT = iphoneos;
				SKIP_INSTALL = YES;
				SWIFT_EMIT_LOC_STRINGS = YES;
				SWIFT_VERSION = 5.0;
				TARGETED_DEVICE_FAMILY = "1,2";
			};
			name = Debug;
		};
		1B554ED52CB73E91007710F2 /* Release */ = {
			isa = XCBuildConfiguration;
			buildSettings = {
				CODE_SIGN_ENTITLEMENTS = notification/notification.entitlements;
				CODE_SIGN_STYLE = Automatic;
				CURRENT_PROJECT_VERSION = 1;
				DEVELOPMENT_TEAM = Q4HH2BYVAV;
				GENERATE_INFOPLIST_FILE = YES;
				INFOPLIST_FILE = notification/Info.plist;
				INFOPLIST_KEY_CFBundleDisplayName = notification;
				INFOPLIST_KEY_NSHumanReadableCopyright = "";
				IPHONEOS_DEPLOYMENT_TARGET = 18.0;
				LD_RUNPATH_SEARCH_PATHS = (
					"$(inherited)",
					"@executable_path/Frameworks",
					"@executable_path/../../Frameworks",
				);
				MARKETING_VERSION = 1.0;
				PRODUCT_BUNDLE_IDENTIFIER = "prod.flowz-development.notification";
				PRODUCT_NAME = "$(TARGET_NAME)";
				SDKROOT = iphoneos;
				SKIP_INSTALL = YES;
				SWIFT_EMIT_LOC_STRINGS = YES;
				SWIFT_VERSION = 5.0;
				TARGETED_DEVICE_FAMILY = "1,2";
				VALIDATE_PRODUCT = YES;
			};
			name = Release;
		};
		1BB172AD2CAAFA9C00C0C89D /* Debug */ = {
			isa = XCBuildConfiguration;
			buildSettings = {
				ALWAYS_SEARCH_USER_PATHS = NO;
				ASSETCATALOG_COMPILER_GENERATE_SWIFT_ASSET_SYMBOL_EXTENSIONS = YES;
				CLANG_ANALYZER_NONNULL = YES;
				CLANG_ANALYZER_NUMBER_OBJECT_CONVERSION = YES_AGGRESSIVE;
				CLANG_CXX_LANGUAGE_STANDARD = "gnu++20";
				CLANG_ENABLE_MODULES = YES;
				CLANG_ENABLE_OBJC_ARC = YES;
				CLANG_ENABLE_OBJC_WEAK = YES;
				CLANG_WARN_BLOCK_CAPTURE_AUTORELEASING = YES;
				CLANG_WARN_BOOL_CONVERSION = YES;
				CLANG_WARN_COMMA = YES;
				CLANG_WARN_CONSTANT_CONVERSION = YES;
				CLANG_WARN_DEPRECATED_OBJC_IMPLEMENTATIONS = YES;
				CLANG_WARN_DIRECT_OBJC_ISA_USAGE = YES_ERROR;
				CLANG_WARN_DOCUMENTATION_COMMENTS = YES;
				CLANG_WARN_EMPTY_BODY = YES;
				CLANG_WARN_ENUM_CONVERSION = YES;
				CLANG_WARN_INFINITE_RECURSION = YES;
				CLANG_WARN_INT_CONVERSION = YES;
				CLANG_WARN_NON_LITERAL_NULL_CONVERSION = YES;
				CLANG_WARN_OBJC_IMPLICIT_RETAIN_SELF = YES;
				CLANG_WARN_OBJC_LITERAL_CONVERSION = YES;
				CLANG_WARN_OBJC_ROOT_CLASS = YES_ERROR;
				CLANG_WARN_QUOTED_INCLUDE_IN_FRAMEWORK_HEADER = YES;
				CLANG_WARN_RANGE_LOOP_ANALYSIS = YES;
				CLANG_WARN_STRICT_PROTOTYPES = YES;
				CLANG_WARN_SUSPICIOUS_MOVE = YES;
				CLANG_WARN_UNGUARDED_AVAILABILITY = YES_AGGRESSIVE;
				CLANG_WARN_UNREACHABLE_CODE = YES;
				CLANG_WARN__DUPLICATE_METHOD_MATCH = YES;
				COPY_PHASE_STRIP = NO;
				DEBUG_INFORMATION_FORMAT = dwarf;
				ENABLE_STRICT_OBJC_MSGSEND = YES;
				ENABLE_TESTABILITY = YES;
				ENABLE_USER_SCRIPT_SANDBOXING = YES;
				GCC_C_LANGUAGE_STANDARD = gnu17;
				GCC_DYNAMIC_NO_PIC = NO;
				GCC_NO_COMMON_BLOCKS = YES;
				GCC_OPTIMIZATION_LEVEL = 0;
				GCC_PREPROCESSOR_DEFINITIONS = (
					"DEBUG=1",
					"$(inherited)",
				);
				GCC_WARN_64_TO_32_BIT_CONVERSION = YES;
				GCC_WARN_ABOUT_RETURN_TYPE = YES_ERROR;
				GCC_WARN_UNDECLARED_SELECTOR = YES;
				GCC_WARN_UNINITIALIZED_AUTOS = YES_AGGRESSIVE;
				GCC_WARN_UNUSED_FUNCTION = YES;
				GCC_WARN_UNUSED_VARIABLE = YES;
				LOCALIZATION_PREFERS_STRING_CATALOGS = YES;
				MTL_ENABLE_DEBUG_INFO = INCLUDE_SOURCE;
				MTL_FAST_MATH = YES;
				ONLY_ACTIVE_ARCH = YES;
				SWIFT_ACTIVE_COMPILATION_CONDITIONS = "DEBUG $(inherited)";
				SWIFT_OPTIMIZATION_LEVEL = "-Onone";
			};
			name = Debug;
		};
		1BB172AE2CAAFA9C00C0C89D /* Release */ = {
			isa = XCBuildConfiguration;
			buildSettings = {
				ALWAYS_SEARCH_USER_PATHS = NO;
				ASSETCATALOG_COMPILER_GENERATE_SWIFT_ASSET_SYMBOL_EXTENSIONS = YES;
				CLANG_ANALYZER_NONNULL = YES;
				CLANG_ANALYZER_NUMBER_OBJECT_CONVERSION = YES_AGGRESSIVE;
				CLANG_CXX_LANGUAGE_STANDARD = "gnu++20";
				CLANG_ENABLE_MODULES = YES;
				CLANG_ENABLE_OBJC_ARC = YES;
				CLANG_ENABLE_OBJC_WEAK = YES;
				CLANG_WARN_BLOCK_CAPTURE_AUTORELEASING = YES;
				CLANG_WARN_BOOL_CONVERSION = YES;
				CLANG_WARN_COMMA = YES;
				CLANG_WARN_CONSTANT_CONVERSION = YES;
				CLANG_WARN_DEPRECATED_OBJC_IMPLEMENTATIONS = YES;
				CLANG_WARN_DIRECT_OBJC_ISA_USAGE = YES_ERROR;
				CLANG_WARN_DOCUMENTATION_COMMENTS = YES;
				CLANG_WARN_EMPTY_BODY = YES;
				CLANG_WARN_ENUM_CONVERSION = YES;
				CLANG_WARN_INFINITE_RECURSION = YES;
				CLANG_WARN_INT_CONVERSION = YES;
				CLANG_WARN_NON_LITERAL_NULL_CONVERSION = YES;
				CLANG_WARN_OBJC_IMPLICIT_RETAIN_SELF = YES;
				CLANG_WARN_OBJC_LITERAL_CONVERSION = YES;
				CLANG_WARN_OBJC_ROOT_CLASS = YES_ERROR;
				CLANG_WARN_QUOTED_INCLUDE_IN_FRAMEWORK_HEADER = YES;
				CLANG_WARN_RANGE_LOOP_ANALYSIS = YES;
				CLANG_WARN_STRICT_PROTOTYPES = YES;
				CLANG_WARN_SUSPICIOUS_MOVE = YES;
				CLANG_WARN_UNGUARDED_AVAILABILITY = YES_AGGRESSIVE;
				CLANG_WARN_UNREACHABLE_CODE = YES;
				CLANG_WARN__DUPLICATE_METHOD_MATCH = YES;
				COPY_PHASE_STRIP = NO;
				DEBUG_INFORMATION_FORMAT = "dwarf-with-dsym";
				ENABLE_NS_ASSERTIONS = NO;
				ENABLE_STRICT_OBJC_MSGSEND = YES;
				ENABLE_USER_SCRIPT_SANDBOXING = YES;
				GCC_C_LANGUAGE_STANDARD = gnu17;
				GCC_NO_COMMON_BLOCKS = YES;
				GCC_WARN_64_TO_32_BIT_CONVERSION = YES;
				GCC_WARN_ABOUT_RETURN_TYPE = YES_ERROR;
				GCC_WARN_UNDECLARED_SELECTOR = YES;
				GCC_WARN_UNINITIALIZED_AUTOS = YES_AGGRESSIVE;
				GCC_WARN_UNUSED_FUNCTION = YES;
				GCC_WARN_UNUSED_VARIABLE = YES;
				LOCALIZATION_PREFERS_STRING_CATALOGS = YES;
				MTL_ENABLE_DEBUG_INFO = NO;
				MTL_FAST_MATH = YES;
				SWIFT_COMPILATION_MODE = wholemodule;
			};
			name = Release;
		};
		1BB172B02CAAFA9C00C0C89D /* Debug */ = {
			isa = XCBuildConfiguration;
			buildSettings = {
				ASSETCATALOG_COMPILER_APPICON_NAME = AppIcon;
				ASSETCATALOG_COMPILER_GLOBAL_ACCENT_COLOR_NAME = AccentColor;
				CODE_SIGN_ENTITLEMENTS = "area-development/area_development.entitlements";
				CODE_SIGN_STYLE = Automatic;
				CURRENT_PROJECT_VERSION = 1;
				DEVELOPMENT_ASSET_PATHS = "area-development/Preview\\ Content area-development/Info.plist";
				DEVELOPMENT_TEAM = Q4HH2BYVAV;
				ENABLE_HARDENED_RUNTIME = YES;
				ENABLE_PREVIEWS = YES;
				GENERATE_INFOPLIST_FILE = YES;
				INFOPLIST_FILE = "area-development/Info.plist";
				"INFOPLIST_KEY_UIApplicationSceneManifest_Generation[sdk=iphoneos*]" = YES;
				"INFOPLIST_KEY_UIApplicationSceneManifest_Generation[sdk=iphonesimulator*]" = YES;
				"INFOPLIST_KEY_UIApplicationSupportsIndirectInputEvents[sdk=iphoneos*]" = YES;
				"INFOPLIST_KEY_UIApplicationSupportsIndirectInputEvents[sdk=iphonesimulator*]" = YES;
				"INFOPLIST_KEY_UILaunchScreen_Generation[sdk=iphoneos*]" = YES;
				"INFOPLIST_KEY_UILaunchScreen_Generation[sdk=iphonesimulator*]" = YES;
				"INFOPLIST_KEY_UIStatusBarStyle[sdk=iphoneos*]" = UIStatusBarStyleDefault;
				"INFOPLIST_KEY_UIStatusBarStyle[sdk=iphonesimulator*]" = UIStatusBarStyleDefault;
				INFOPLIST_KEY_UISupportedInterfaceOrientations_iPad = "UIInterfaceOrientationPortrait UIInterfaceOrientationPortraitUpsideDown UIInterfaceOrientationLandscapeLeft UIInterfaceOrientationLandscapeRight";
				INFOPLIST_KEY_UISupportedInterfaceOrientations_iPhone = "UIInterfaceOrientationPortrait UIInterfaceOrientationLandscapeLeft UIInterfaceOrientationLandscapeRight";
				IPHONEOS_DEPLOYMENT_TARGET = 18.0;
				LD_RUNPATH_SEARCH_PATHS = "@executable_path/Frameworks";
				"LD_RUNPATH_SEARCH_PATHS[sdk=macosx*]" = "@executable_path/../Frameworks";
				MACOSX_DEPLOYMENT_TARGET = 14.6;
				MARKETING_VERSION = 1.0;
				PRODUCT_BUNDLE_IDENTIFIER = "prod.flowz-development";
				PRODUCT_NAME = "$(TARGET_NAME)";
				SDKROOT = auto;
				SUPPORTED_PLATFORMS = "iphoneos iphonesimulator macosx xros xrsimulator";
				SWIFT_EMIT_LOC_STRINGS = YES;
				SWIFT_VERSION = 5.0;
				TARGETED_DEVICE_FAMILY = "1,2,7";
				XROS_DEPLOYMENT_TARGET = 2.0;
			};
			name = Debug;
		};
		1BB172B12CAAFA9C00C0C89D /* Release */ = {
			isa = XCBuildConfiguration;
			buildSettings = {
				ASSETCATALOG_COMPILER_APPICON_NAME = AppIcon;
				ASSETCATALOG_COMPILER_GLOBAL_ACCENT_COLOR_NAME = AccentColor;
				CODE_SIGN_ENTITLEMENTS = "area-development/area_development.entitlements";
				CODE_SIGN_STYLE = Automatic;
				CURRENT_PROJECT_VERSION = 1;
				DEVELOPMENT_ASSET_PATHS = "area-development/Preview\\ Content area-development/Info.plist";
				DEVELOPMENT_TEAM = Q4HH2BYVAV;
				ENABLE_HARDENED_RUNTIME = YES;
				ENABLE_PREVIEWS = YES;
				GENERATE_INFOPLIST_FILE = YES;
				INFOPLIST_FILE = "area-development/Info.plist";
				"INFOPLIST_KEY_UIApplicationSceneManifest_Generation[sdk=iphoneos*]" = YES;
				"INFOPLIST_KEY_UIApplicationSceneManifest_Generation[sdk=iphonesimulator*]" = YES;
				"INFOPLIST_KEY_UIApplicationSupportsIndirectInputEvents[sdk=iphoneos*]" = YES;
				"INFOPLIST_KEY_UIApplicationSupportsIndirectInputEvents[sdk=iphonesimulator*]" = YES;
				"INFOPLIST_KEY_UILaunchScreen_Generation[sdk=iphoneos*]" = YES;
				"INFOPLIST_KEY_UILaunchScreen_Generation[sdk=iphonesimulator*]" = YES;
				"INFOPLIST_KEY_UIStatusBarStyle[sdk=iphoneos*]" = UIStatusBarStyleDefault;
				"INFOPLIST_KEY_UIStatusBarStyle[sdk=iphonesimulator*]" = UIStatusBarStyleDefault;
				INFOPLIST_KEY_UISupportedInterfaceOrientations_iPad = "UIInterfaceOrientationPortrait UIInterfaceOrientationPortraitUpsideDown UIInterfaceOrientationLandscapeLeft UIInterfaceOrientationLandscapeRight";
				INFOPLIST_KEY_UISupportedInterfaceOrientations_iPhone = "UIInterfaceOrientationPortrait UIInterfaceOrientationLandscapeLeft UIInterfaceOrientationLandscapeRight";
				IPHONEOS_DEPLOYMENT_TARGET = 18.0;
				LD_RUNPATH_SEARCH_PATHS = "@executable_path/Frameworks";
				"LD_RUNPATH_SEARCH_PATHS[sdk=macosx*]" = "@executable_path/../Frameworks";
				MACOSX_DEPLOYMENT_TARGET = 14.6;
				MARKETING_VERSION = 1.0;
				PRODUCT_BUNDLE_IDENTIFIER = "prod.flowz-development";
				PRODUCT_NAME = "$(TARGET_NAME)";
				SDKROOT = auto;
				SUPPORTED_PLATFORMS = "iphoneos iphonesimulator macosx xros xrsimulator";
				SWIFT_EMIT_LOC_STRINGS = YES;
				SWIFT_VERSION = 5.0;
				TARGETED_DEVICE_FAMILY = "1,2,7";
				XROS_DEPLOYMENT_TARGET = 2.0;
			};
			name = Release;
		};
		1BB172B32CAAFA9C00C0C89D /* Debug */ = {
			isa = XCBuildConfiguration;
			buildSettings = {
				BUNDLE_LOADER = "$(TEST_HOST)";
				CODE_SIGN_STYLE = Automatic;
				CURRENT_PROJECT_VERSION = 1;
				DEVELOPMENT_TEAM = Q4HH2BYVAV;
				GENERATE_INFOPLIST_FILE = YES;
				IPHONEOS_DEPLOYMENT_TARGET = 18.0;
				MACOSX_DEPLOYMENT_TARGET = 14.6;
				MARKETING_VERSION = 1.0;
				PRODUCT_BUNDLE_IDENTIFIER = "prod.flowz-developmentTests";
				PRODUCT_NAME = "$(TARGET_NAME)";
				SDKROOT = auto;
				SUPPORTED_PLATFORMS = "iphoneos iphonesimulator macosx xros xrsimulator";
				SWIFT_EMIT_LOC_STRINGS = NO;
				SWIFT_VERSION = 5.0;
				TARGETED_DEVICE_FAMILY = "1,2,7";
				TEST_HOST = "$(BUILT_PRODUCTS_DIR)/area-development.app/$(BUNDLE_EXECUTABLE_FOLDER_PATH)/area-development";
				XROS_DEPLOYMENT_TARGET = 2.0;
			};
			name = Debug;
		};
		1BB172B42CAAFA9C00C0C89D /* Release */ = {
			isa = XCBuildConfiguration;
			buildSettings = {
				BUNDLE_LOADER = "$(TEST_HOST)";
				CODE_SIGN_STYLE = Automatic;
				CURRENT_PROJECT_VERSION = 1;
				DEVELOPMENT_TEAM = Q4HH2BYVAV;
				GENERATE_INFOPLIST_FILE = YES;
				IPHONEOS_DEPLOYMENT_TARGET = 18.0;
				MACOSX_DEPLOYMENT_TARGET = 14.6;
				MARKETING_VERSION = 1.0;
				PRODUCT_BUNDLE_IDENTIFIER = "prod.flowz-developmentTests";
				PRODUCT_NAME = "$(TARGET_NAME)";
				SDKROOT = auto;
				SUPPORTED_PLATFORMS = "iphoneos iphonesimulator macosx xros xrsimulator";
				SWIFT_EMIT_LOC_STRINGS = NO;
				SWIFT_VERSION = 5.0;
				TARGETED_DEVICE_FAMILY = "1,2,7";
				TEST_HOST = "$(BUILT_PRODUCTS_DIR)/area-development.app/$(BUNDLE_EXECUTABLE_FOLDER_PATH)/area-development";
				XROS_DEPLOYMENT_TARGET = 2.0;
			};
			name = Release;
		};
		1BB172B62CAAFA9C00C0C89D /* Debug */ = {
			isa = XCBuildConfiguration;
			buildSettings = {
				CODE_SIGN_STYLE = Automatic;
				CURRENT_PROJECT_VERSION = 1;
				DEVELOPMENT_TEAM = Q4HH2BYVAV;
				GENERATE_INFOPLIST_FILE = YES;
				IPHONEOS_DEPLOYMENT_TARGET = 18.0;
				MACOSX_DEPLOYMENT_TARGET = 14.6;
				MARKETING_VERSION = 1.0;
				PRODUCT_BUNDLE_IDENTIFIER = "prod.flowz-developmentUITests";
				PRODUCT_NAME = "$(TARGET_NAME)";
				SDKROOT = auto;
				SUPPORTED_PLATFORMS = "iphoneos iphonesimulator macosx xros xrsimulator";
				SWIFT_EMIT_LOC_STRINGS = NO;
				SWIFT_VERSION = 5.0;
				TARGETED_DEVICE_FAMILY = "1,2,7";
				TEST_TARGET_NAME = "area-development";
				XROS_DEPLOYMENT_TARGET = 2.0;
			};
			name = Debug;
		};
		1BB172B72CAAFA9C00C0C89D /* Release */ = {
			isa = XCBuildConfiguration;
			buildSettings = {
				CODE_SIGN_STYLE = Automatic;
				CURRENT_PROJECT_VERSION = 1;
				DEVELOPMENT_TEAM = Q4HH2BYVAV;
				GENERATE_INFOPLIST_FILE = YES;
				IPHONEOS_DEPLOYMENT_TARGET = 18.0;
				MACOSX_DEPLOYMENT_TARGET = 14.6;
				MARKETING_VERSION = 1.0;
				PRODUCT_BUNDLE_IDENTIFIER = "prod.flowz-developmentUITests";
				PRODUCT_NAME = "$(TARGET_NAME)";
				SDKROOT = auto;
				SUPPORTED_PLATFORMS = "iphoneos iphonesimulator macosx xros xrsimulator";
				SWIFT_EMIT_LOC_STRINGS = NO;
				SWIFT_VERSION = 5.0;
				TARGETED_DEVICE_FAMILY = "1,2,7";
				TEST_TARGET_NAME = "area-development";
				XROS_DEPLOYMENT_TARGET = 2.0;
			};
			name = Release;
		};
		8F7B7A252CD619E400415BF3 /* Debug */ = {
			isa = XCBuildConfiguration;
			buildSettings = {
				ASSETCATALOG_COMPILER_GLOBAL_ACCENT_COLOR_NAME = AccentColor;
				ASSETCATALOG_COMPILER_WIDGET_BACKGROUND_COLOR_NAME = WidgetBackground;
				CODE_SIGN_ENTITLEMENTS = widgetExtension.entitlements;
				CODE_SIGN_STYLE = Automatic;
				CURRENT_PROJECT_VERSION = 1;
				DEVELOPMENT_TEAM = Q4HH2BYVAV;
				GENERATE_INFOPLIST_FILE = YES;
				INFOPLIST_FILE = widget/Info.plist;
				INFOPLIST_KEY_CFBundleDisplayName = widget;
				INFOPLIST_KEY_NSHumanReadableCopyright = "";
				IPHONEOS_DEPLOYMENT_TARGET = 18.0;
				LD_RUNPATH_SEARCH_PATHS = (
					"$(inherited)",
					"@executable_path/Frameworks",
					"@executable_path/../../Frameworks",
				);
				MARKETING_VERSION = 1.0;
				PRODUCT_BUNDLE_IDENTIFIER = "prod.flowz-development.widget";
				PRODUCT_NAME = "$(TARGET_NAME)";
				SDKROOT = iphoneos;
				SKIP_INSTALL = YES;
				SWIFT_EMIT_LOC_STRINGS = YES;
				SWIFT_VERSION = 5.0;
				TARGETED_DEVICE_FAMILY = "1,2";
			};
			name = Debug;
		};
		8F7B7A262CD619E400415BF3 /* Release */ = {
			isa = XCBuildConfiguration;
			buildSettings = {
				ASSETCATALOG_COMPILER_GLOBAL_ACCENT_COLOR_NAME = AccentColor;
				ASSETCATALOG_COMPILER_WIDGET_BACKGROUND_COLOR_NAME = WidgetBackground;
				CODE_SIGN_ENTITLEMENTS = widgetExtension.entitlements;
				CODE_SIGN_STYLE = Automatic;
				CURRENT_PROJECT_VERSION = 1;
				DEVELOPMENT_TEAM = Q4HH2BYVAV;
				GENERATE_INFOPLIST_FILE = YES;
				INFOPLIST_FILE = widget/Info.plist;
				INFOPLIST_KEY_CFBundleDisplayName = widget;
				INFOPLIST_KEY_NSHumanReadableCopyright = "";
				IPHONEOS_DEPLOYMENT_TARGET = 18.0;
				LD_RUNPATH_SEARCH_PATHS = (
					"$(inherited)",
					"@executable_path/Frameworks",
					"@executable_path/../../Frameworks",
				);
				MARKETING_VERSION = 1.0;
				PRODUCT_BUNDLE_IDENTIFIER = "prod.flowz-development.widget";
				PRODUCT_NAME = "$(TARGET_NAME)";
				SDKROOT = iphoneos;
				SKIP_INSTALL = YES;
				SWIFT_EMIT_LOC_STRINGS = YES;
				SWIFT_VERSION = 5.0;
				TARGETED_DEVICE_FAMILY = "1,2";
				VALIDATE_PRODUCT = YES;
			};
			name = Release;
		};
/* End XCBuildConfiguration section */

/* Begin XCConfigurationList section */
		1B554ED32CB73E91007710F2 /* Build configuration list for PBXNativeTarget "notification" */ = {
			isa = XCConfigurationList;
			buildConfigurations = (
				1B554ED42CB73E91007710F2 /* Debug */,
				1B554ED52CB73E91007710F2 /* Release */,
			);
			defaultConfigurationIsVisible = 0;
			defaultConfigurationName = Release;
		};
		1BB172852CAAFA9B00C0C89D /* Build configuration list for PBXProject "area-development" */ = {
			isa = XCConfigurationList;
			buildConfigurations = (
				1BB172AD2CAAFA9C00C0C89D /* Debug */,
				1BB172AE2CAAFA9C00C0C89D /* Release */,
			);
			defaultConfigurationIsVisible = 0;
			defaultConfigurationName = Release;
		};
		1BB172AF2CAAFA9C00C0C89D /* Build configuration list for PBXNativeTarget "area-development" */ = {
			isa = XCConfigurationList;
			buildConfigurations = (
				1BB172B02CAAFA9C00C0C89D /* Debug */,
				1BB172B12CAAFA9C00C0C89D /* Release */,
			);
			defaultConfigurationIsVisible = 0;
			defaultConfigurationName = Release;
		};
		1BB172B22CAAFA9C00C0C89D /* Build configuration list for PBXNativeTarget "area-developmentTests" */ = {
			isa = XCConfigurationList;
			buildConfigurations = (
				1BB172B32CAAFA9C00C0C89D /* Debug */,
				1BB172B42CAAFA9C00C0C89D /* Release */,
			);
			defaultConfigurationIsVisible = 0;
			defaultConfigurationName = Release;
		};
		1BB172B52CAAFA9C00C0C89D /* Build configuration list for PBXNativeTarget "area-developmentUITests" */ = {
			isa = XCConfigurationList;
			buildConfigurations = (
				1BB172B62CAAFA9C00C0C89D /* Debug */,
				1BB172B72CAAFA9C00C0C89D /* Release */,
			);
			defaultConfigurationIsVisible = 0;
			defaultConfigurationName = Release;
		};
		8F7B7A272CD619E400415BF3 /* Build configuration list for PBXNativeTarget "widgetExtension" */ = {
			isa = XCConfigurationList;
			buildConfigurations = (
				8F7B7A252CD619E400415BF3 /* Debug */,
				8F7B7A262CD619E400415BF3 /* Release */,
			);
			defaultConfigurationIsVisible = 0;
			defaultConfigurationName = Release;
		};
/* End XCConfigurationList section */

/* Begin XCRemoteSwiftPackageReference section */
		1BB172FB2CAB4A8600C0C89D /* XCRemoteSwiftPackageReference "Alamofire" */ = {
			isa = XCRemoteSwiftPackageReference;
			repositoryURL = "https://github.com/Alamofire/Alamofire.git";
			requirement = {
				kind = upToNextMajorVersion;
				minimumVersion = 5.9.1;
			};
		};
		8F5480212CB4770600066EF2 /* XCRemoteSwiftPackageReference "lottie-ios" */ = {
			isa = XCRemoteSwiftPackageReference;
			repositoryURL = "https://github.com/airbnb/lottie-ios.git";
			requirement = {
				kind = upToNextMajorVersion;
				minimumVersion = 4.5.0;
			};
		};
/* End XCRemoteSwiftPackageReference section */

/* Begin XCSwiftPackageProductDependency section */
		1BB172FD2CAB4C3700C0C89D /* Alamofire */ = {
			isa = XCSwiftPackageProductDependency;
			package = 1BB172FB2CAB4A8600C0C89D /* XCRemoteSwiftPackageReference "Alamofire" */;
			productName = Alamofire;
		};
		8F5480222CB4770600066EF2 /* Lottie */ = {
			isa = XCSwiftPackageProductDependency;
			package = 8F5480212CB4770600066EF2 /* XCRemoteSwiftPackageReference "lottie-ios" */;
			productName = Lottie;
		};
/* End XCSwiftPackageProductDependency section */
	};
	rootObject = 1BB172822CAAFA9B00C0C89D /* Project object */;
}
